
Microsoft Visual Studio Solution File, Format Version 12.00
# Visual Studio Version 16
VisualStudioVersion = 16.0.30225.117
MinimumVisualStudioVersion = 10.0.40219.1
Project("{9A19103F-16F7-4668-BE54-9A1E7A4F7556}") = "InfoTrackTest", "InfoTrackTest\InfoTrackTest.csproj", "{E36EAA85-97DF-4829-B54B-24A15B7BFC2D}"
EndProject
Project("{FAE04EC0-301F-11D3-BF4B-00C04F79EFBC}") = "XUnitTests", "XUnitTests\XUnitTests.csproj", "{69CAA618-FC94-4ACD-B39B-7640E0D0F5A8}"
EndProject
Global
	GlobalSection(SolutionConfigurationPlatforms) = preSolution
		Debug|Any CPU = Debug|Any CPU
		Release|Any CPU = Release|Any CPU
	EndGlobalSection
	GlobalSection(ProjectConfigurationPlatforms) = postSolution
		{E36EAA85-97DF-4829-B54B-24A15B7BFC2D}.Debug|Any CPU.ActiveCfg = Debug|Any CPU
		{E36EAA85-97DF-4829-B54B-24A15B7BFC2D}.Debug|Any CPU.Build.0 = Debug|Any CPU
		{E36EAA85-97DF-4829-B54B-24A15B7BFC2D}.Release|Any CPU.ActiveCfg = Release|Any CPU
		{E36EAA85-97DF-4829-B54B-24A15B7BFC2D}.Release|Any CPU.Build.0 = Release|Any CPU
		{69CAA618-FC94-4ACD-B39B-7640E0D0F5A8}.Debug|Any CPU.ActiveCfg = Debug|Any CPU
		{69CAA618-FC94-4ACD-B39B-7640E0D0F5A8}.Debug|Any CPU.Build.0 = Debug|Any CPU
		{69CAA618-FC94-4ACD-B39B-7640E0D0F5A8}.Release|Any CPU.ActiveCfg = Release|Any CPU
		{69CAA618-FC94-4ACD-B39B-7640E0D0F5A8}.Release|Any CPU.Build.0 = Release|Any CPU
	EndGlobalSection
	GlobalSection(SolutionProperties) = preSolution
		HideSolutionNode = FALSE
	EndGlobalSection
	GlobalSection(ExtensibilityGlobals) = postSolution
		SolutionGuid = {9C90996E-94E0-40BB-8C74-E106F70D2CE1}
	EndGlobalSection
EndGlobal
